
Microsoft Visual Studio Solution File, Format Version 12.00
# Visual Studio Version 17
VisualStudioVersion = 17.2.32630.192
MinimumVisualStudioVersion = 10.0.40219.1
Project("{2150E333-8FDC-42A3-9474-1A3956D46DE8}") = "BehavioralPatterns", "BehavioralPatterns", "{860BED6D-C0C5-4B8F-A2DC-038687A06EE9}"
EndProject
Project("{2150E333-8FDC-42A3-9474-1A3956D46DE8}") = "CreationalPatterns", "CreationalPatterns", "{A1B371ED-7D82-480F-8348-189CF0C7DCC0}"
EndProject
Project("{2150E333-8FDC-42A3-9474-1A3956D46DE8}") = "StructuralPatterns", "StructuralPatterns", "{48C8A776-C5F4-4087-A891-881289949E52}"
EndProject
Project("{9A19103F-16F7-4668-BE54-9A1E7A4F7556}") = "ChainOfResponsibility", "BehavioralPatterns\ChainOfResponsibility\ChainOfResponsibility.csproj", "{FADC73C4-7C67-4B82-BD9E-0E3E4454D785}"
EndProject
Project("{9A19103F-16F7-4668-BE54-9A1E7A4F7556}") = "Interpreter", "BehavioralPatterns\Interpreter\Interpreter.csproj", "{37AA2530-97EC-4DEA-8075-2FFE2F66514A}"
EndProject
Project("{9A19103F-16F7-4668-BE54-9A1E7A4F7556}") = "Iterator", "BehavioralPatterns\Iterator\Iterator.csproj", "{51EF5E07-07BB-49C3-AC8D-36F88A89D4CB}"
EndProject
Project("{9A19103F-16F7-4668-BE54-9A1E7A4F7556}") = "Memento", "BehavioralPatterns\Memento\Memento.csproj", "{1B02AC66-8C4F-4B1E-9B59-061AE16896DA}"
EndProject
Project("{9A19103F-16F7-4668-BE54-9A1E7A4F7556}") = "Observer", "BehavioralPatterns\Observer\Observer.csproj", "{25417FA1-70D0-4754-8B68-ED2E4436AB72}"
EndProject
Project("{9A19103F-16F7-4668-BE54-9A1E7A4F7556}") = "Strategy", "BehavioralPatterns\Strategy\Strategy.csproj", "{79F6D0D3-6391-485C-80F9-8F64B0FB4711}"
EndProject
Project("{9A19103F-16F7-4668-BE54-9A1E7A4F7556}") = "TemplateMethod", "BehavioralPatterns\TemplateMethod\TemplateMethod.csproj", "{D810D582-74F2-4A8C-AD58-D4C4562B6842}"
EndProject
Project("{9A19103F-16F7-4668-BE54-9A1E7A4F7556}") = "Visitor", "BehavioralPatterns\Visitor\Visitor.csproj", "{66DA84D2-BE19-46A0-A2D1-5F13BEA85AC3}"
EndProject
Project("{9A19103F-16F7-4668-BE54-9A1E7A4F7556}") = "AbstractFactory", "CreationalPatterns\AbstractFactory\AbstractFactory.csproj", "{C4E16CD6-8735-44FD-B9E0-A22ECF9FB1D2}"
EndProject
Project("{9A19103F-16F7-4668-BE54-9A1E7A4F7556}") = "Builder", "CreationalPatterns\Builder\Builder.csproj", "{FFB21BF7-A515-4BCE-8778-DBBB16EF9987}"
EndProject
Project("{9A19103F-16F7-4668-BE54-9A1E7A4F7556}") = "FactoryMethod", "CreationalPatterns\FactoryMethod\FactoryMethod.csproj", "{954C6FE9-EA33-4D4C-8377-9AB2F418952E}"
EndProject
Project("{9A19103F-16F7-4668-BE54-9A1E7A4F7556}") = "Prototype", "CreationalPatterns\Prototype\Prototype.csproj", "{82C3028E-AC59-4D42-94B8-4A62F27B0347}"
EndProject
Project("{9A19103F-16F7-4668-BE54-9A1E7A4F7556}") = "Singleton", "CreationalPatterns\Singleton\Singleton.csproj", "{A6BE73A0-E512-49B4-BAAD-9D5583DE41F3}"
EndProject
Project("{9A19103F-16F7-4668-BE54-9A1E7A4F7556}") = "Adapter", "StructuralPatterns\Adapter\Adapter.csproj", "{640B01A8-9100-400F-B0D1-8832A97FE334}"
EndProject
Project("{9A19103F-16F7-4668-BE54-9A1E7A4F7556}") = "Bridge", "StructuralPatterns\Bridge\Bridge.csproj", "{6065FC4C-FCCC-4988-B9FB-8209F67F053C}"
EndProject
Project("{9A19103F-16F7-4668-BE54-9A1E7A4F7556}") = "Composite", "StructuralPatterns\Composite\Composite.csproj", "{D81A7ED6-32F4-4820-8FBA-A42C316D8EA6}"
EndProject
Project("{9A19103F-16F7-4668-BE54-9A1E7A4F7556}") = "Decorator", "StructuralPatterns\Decorator\Decorator.csproj", "{4ECBA7B2-6C0A-4B62-BD34-97516F34A4A7}"
EndProject
Project("{9A19103F-16F7-4668-BE54-9A1E7A4F7556}") = "Facade", "StructuralPatterns\Facade\Facade.csproj", "{1D65B910-ACE4-471E-B0A8-467C59718DA6}"
EndProject
Project("{9A19103F-16F7-4668-BE54-9A1E7A4F7556}") = "Flyweight", "StructuralPatterns\Flyweight\Flyweight.csproj", "{B1E1CF4B-3E9A-4978-9F88-5B8FAC6ED2F9}"
EndProject
Project("{9A19103F-16F7-4668-BE54-9A1E7A4F7556}") = "Proxy", "StructuralPatterns\Proxy\Proxy.csproj", "{2DDED741-90B9-4AB2-94EC-0AC0586921A1}"
EndProject
Project("{FAE04EC0-301F-11D3-BF4B-00C04F79EFBC}") = "Command", "BehavioralPatterns\Command\Command.csproj", "{A8193588-1CCD-49E9-B492-70D6EE08EF73}"
EndProject
Project("{FAE04EC0-301F-11D3-BF4B-00C04F79EFBC}") = "Mediator", "BehavioralPatterns\Mediator\Mediator.csproj", "{E9E13ECE-A9BF-446E-B5B2-1709996B6F33}"
EndProject
Project("{FAE04EC0-301F-11D3-BF4B-00C04F79EFBC}") = "State", "BehavioralPatterns\State\State.csproj", "{D59C769F-F04D-468B-B943-C320D561388F}"
EndProject
Global
	GlobalSection(SolutionConfigurationPlatforms) = preSolution
		Debug|Any CPU = Debug|Any CPU
		Release|Any CPU = Release|Any CPU
	EndGlobalSection
	GlobalSection(ProjectConfigurationPlatforms) = postSolution
		{FADC73C4-7C67-4B82-BD9E-0E3E4454D785}.Debug|Any CPU.ActiveCfg = Debug|Any CPU
		{FADC73C4-7C67-4B82-BD9E-0E3E4454D785}.Debug|Any CPU.Build.0 = Debug|Any CPU
		{FADC73C4-7C67-4B82-BD9E-0E3E4454D785}.Release|Any CPU.ActiveCfg = Release|Any CPU
		{FADC73C4-7C67-4B82-BD9E-0E3E4454D785}.Release|Any CPU.Build.0 = Release|Any CPU
		{37AA2530-97EC-4DEA-8075-2FFE2F66514A}.Debug|Any CPU.ActiveCfg = Debug|Any CPU
		{37AA2530-97EC-4DEA-8075-2FFE2F66514A}.Debug|Any CPU.Build.0 = Debug|Any CPU
		{37AA2530-97EC-4DEA-8075-2FFE2F66514A}.Release|Any CPU.ActiveCfg = Release|Any CPU
		{37AA2530-97EC-4DEA-8075-2FFE2F66514A}.Release|Any CPU.Build.0 = Release|Any CPU
		{51EF5E07-07BB-49C3-AC8D-36F88A89D4CB}.Debug|Any CPU.ActiveCfg = Debug|Any CPU
		{51EF5E07-07BB-49C3-AC8D-36F88A89D4CB}.Debug|Any CPU.Build.0 = Debug|Any CPU
		{51EF5E07-07BB-49C3-AC8D-36F88A89D4CB}.Release|Any CPU.ActiveCfg = Release|Any CPU
		{51EF5E07-07BB-49C3-AC8D-36F88A89D4CB}.Release|Any CPU.Build.0 = Release|Any CPU
		{1B02AC66-8C4F-4B1E-9B59-061AE16896DA}.Debug|Any CPU.ActiveCfg = Debug|Any CPU
		{1B02AC66-8C4F-4B1E-9B59-061AE16896DA}.Debug|Any CPU.Build.0 = Debug|Any CPU
		{1B02AC66-8C4F-4B1E-9B59-061AE16896DA}.Release|Any CPU.ActiveCfg = Release|Any CPU
		{1B02AC66-8C4F-4B1E-9B59-061AE16896DA}.Release|Any CPU.Build.0 = Release|Any CPU
		{25417FA1-70D0-4754-8B68-ED2E4436AB72}.Debug|Any CPU.ActiveCfg = Debug|Any CPU
		{25417FA1-70D0-4754-8B68-ED2E4436AB72}.Debug|Any CPU.Build.0 = Debug|Any CPU
		{25417FA1-70D0-4754-8B68-ED2E4436AB72}.Release|Any CPU.ActiveCfg = Release|Any CPU
		{25417FA1-70D0-4754-8B68-ED2E4436AB72}.Release|Any CPU.Build.0 = Release|Any CPU
		{79F6D0D3-6391-485C-80F9-8F64B0FB4711}.Debug|Any CPU.ActiveCfg = Debug|Any CPU
		{79F6D0D3-6391-485C-80F9-8F64B0FB4711}.Debug|Any CPU.Build.0 = Debug|Any CPU
		{79F6D0D3-6391-485C-80F9-8F64B0FB4711}.Release|Any CPU.ActiveCfg = Release|Any CPU
		{79F6D0D3-6391-485C-80F9-8F64B0FB4711}.Release|Any CPU.Build.0 = Release|Any CPU
		{D810D582-74F2-4A8C-AD58-D4C4562B6842}.Debug|Any CPU.ActiveCfg = Debug|Any CPU
		{D810D582-74F2-4A8C-AD58-D4C4562B6842}.Debug|Any CPU.Build.0 = Debug|Any CPU
		{D810D582-74F2-4A8C-AD58-D4C4562B6842}.Release|Any CPU.ActiveCfg = Release|Any CPU
		{D810D582-74F2-4A8C-AD58-D4C4562B6842}.Release|Any CPU.Build.0 = Release|Any CPU
		{66DA84D2-BE19-46A0-A2D1-5F13BEA85AC3}.Debug|Any CPU.ActiveCfg = Debug|Any CPU
		{66DA84D2-BE19-46A0-A2D1-5F13BEA85AC3}.Debug|Any CPU.Build.0 = Debug|Any CPU
		{66DA84D2-BE19-46A0-A2D1-5F13BEA85AC3}.Release|Any CPU.ActiveCfg = Release|Any CPU
		{66DA84D2-BE19-46A0-A2D1-5F13BEA85AC3}.Release|Any CPU.Build.0 = Release|Any CPU
		{C4E16CD6-8735-44FD-B9E0-A22ECF9FB1D2}.Debug|Any CPU.ActiveCfg = Debug|Any CPU
		{C4E16CD6-8735-44FD-B9E0-A22ECF9FB1D2}.Debug|Any CPU.Build.0 = Debug|Any CPU
		{C4E16CD6-8735-44FD-B9E0-A22ECF9FB1D2}.Release|Any CPU.ActiveCfg = Release|Any CPU
		{C4E16CD6-8735-44FD-B9E0-A22ECF9FB1D2}.Release|Any CPU.Build.0 = Release|Any CPU
		{FFB21BF7-A515-4BCE-8778-DBBB16EF9987}.Debug|Any CPU.ActiveCfg = Debug|Any CPU
		{FFB21BF7-A515-4BCE-8778-DBBB16EF9987}.Debug|Any CPU.Build.0 = Debug|Any CPU
		{FFB21BF7-A515-4BCE-8778-DBBB16EF9987}.Release|Any CPU.ActiveCfg = Release|Any CPU
		{FFB21BF7-A515-4BCE-8778-DBBB16EF9987}.Release|Any CPU.Build.0 = Release|Any CPU
		{954C6FE9-EA33-4D4C-8377-9AB2F418952E}.Debug|Any CPU.ActiveCfg = Debug|Any CPU
		{954C6FE9-EA33-4D4C-8377-9AB2F418952E}.Debug|Any CPU.Build.0 = Debug|Any CPU
		{954C6FE9-EA33-4D4C-8377-9AB2F418952E}.Release|Any CPU.ActiveCfg = Release|Any CPU
		{954C6FE9-EA33-4D4C-8377-9AB2F418952E}.Release|Any CPU.Build.0 = Release|Any CPU
		{82C3028E-AC59-4D42-94B8-4A62F27B0347}.Debug|Any CPU.ActiveCfg = Debug|Any CPU
		{82C3028E-AC59-4D42-94B8-4A62F27B0347}.Debug|Any CPU.Build.0 = Debug|Any CPU
		{82C3028E-AC59-4D42-94B8-4A62F27B0347}.Release|Any CPU.ActiveCfg = Release|Any CPU
		{82C3028E-AC59-4D42-94B8-4A62F27B0347}.Release|Any CPU.Build.0 = Release|Any CPU
		{A6BE73A0-E512-49B4-BAAD-9D5583DE41F3}.Debug|Any CPU.ActiveCfg = Debug|Any CPU
		{A6BE73A0-E512-49B4-BAAD-9D5583DE41F3}.Debug|Any CPU.Build.0 = Debug|Any CPU
		{A6BE73A0-E512-49B4-BAAD-9D5583DE41F3}.Release|Any CPU.ActiveCfg = Release|Any CPU
		{A6BE73A0-E512-49B4-BAAD-9D5583DE41F3}.Release|Any CPU.Build.0 = Release|Any CPU
		{640B01A8-9100-400F-B0D1-8832A97FE334}.Debug|Any CPU.ActiveCfg = Debug|Any CPU
		{640B01A8-9100-400F-B0D1-8832A97FE334}.Debug|Any CPU.Build.0 = Debug|Any CPU
		{640B01A8-9100-400F-B0D1-8832A97FE334}.Release|Any CPU.ActiveCfg = Release|Any CPU
		{640B01A8-9100-400F-B0D1-8832A97FE334}.Release|Any CPU.Build.0 = Release|Any CPU
		{6065FC4C-FCCC-4988-B9FB-8209F67F053C}.Debug|Any CPU.ActiveCfg = Debug|Any CPU
		{6065FC4C-FCCC-4988-B9FB-8209F67F053C}.Debug|Any CPU.Build.0 = Debug|Any CPU
		{6065FC4C-FCCC-4988-B9FB-8209F67F053C}.Release|Any CPU.ActiveCfg = Release|Any CPU
		{6065FC4C-FCCC-4988-B9FB-8209F67F053C}.Release|Any CPU.Build.0 = Release|Any CPU
		{D81A7ED6-32F4-4820-8FBA-A42C316D8EA6}.Debug|Any CPU.ActiveCfg = Debug|Any CPU
		{D81A7ED6-32F4-4820-8FBA-A42C316D8EA6}.Debug|Any CPU.Build.0 = Debug|Any CPU
		{D81A7ED6-32F4-4820-8FBA-A42C316D8EA6}.Release|Any CPU.ActiveCfg = Release|Any CPU
		{D81A7ED6-32F4-4820-8FBA-A42C316D8EA6}.Release|Any CPU.Build.0 = Release|Any CPU
		{4ECBA7B2-6C0A-4B62-BD34-97516F34A4A7}.Debug|Any CPU.ActiveCfg = Debug|Any CPU
		{4ECBA7B2-6C0A-4B62-BD34-97516F34A4A7}.Debug|Any CPU.Build.0 = Debug|Any CPU
		{4ECBA7B2-6C0A-4B62-BD34-97516F34A4A7}.Release|Any CPU.ActiveCfg = Release|Any CPU
		{4ECBA7B2-6C0A-4B62-BD34-97516F34A4A7}.Release|Any CPU.Build.0 = Release|Any CPU
		{1D65B910-ACE4-471E-B0A8-467C59718DA6}.Debug|Any CPU.ActiveCfg = Debug|Any CPU
		{1D65B910-ACE4-471E-B0A8-467C59718DA6}.Debug|Any CPU.Build.0 = Debug|Any CPU
		{1D65B910-ACE4-471E-B0A8-467C59718DA6}.Release|Any CPU.ActiveCfg = Release|Any CPU
		{1D65B910-ACE4-471E-B0A8-467C59718DA6}.Release|Any CPU.Build.0 = Release|Any CPU
		{B1E1CF4B-3E9A-4978-9F88-5B8FAC6ED2F9}.Debug|Any CPU.ActiveCfg = Debug|Any CPU
		{B1E1CF4B-3E9A-4978-9F88-5B8FAC6ED2F9}.Debug|Any CPU.Build.0 = Debug|Any CPU
		{B1E1CF4B-3E9A-4978-9F88-5B8FAC6ED2F9}.Release|Any CPU.ActiveCfg = Release|Any CPU
		{B1E1CF4B-3E9A-4978-9F88-5B8FAC6ED2F9}.Release|Any CPU.Build.0 = Release|Any CPU
		{2DDED741-90B9-4AB2-94EC-0AC0586921A1}.Debug|Any CPU.ActiveCfg = Debug|Any CPU
		{2DDED741-90B9-4AB2-94EC-0AC0586921A1}.Debug|Any CPU.Build.0 = Debug|Any CPU
		{2DDED741-90B9-4AB2-94EC-0AC0586921A1}.Release|Any CPU.ActiveCfg = Release|Any CPU
		{2DDED741-90B9-4AB2-94EC-0AC0586921A1}.Release|Any CPU.Build.0 = Release|Any CPU
		{A8193588-1CCD-49E9-B492-70D6EE08EF73}.Debug|Any CPU.ActiveCfg = Debug|Any CPU
		{A8193588-1CCD-49E9-B492-70D6EE08EF73}.Debug|Any CPU.Build.0 = Debug|Any CPU
		{A8193588-1CCD-49E9-B492-70D6EE08EF73}.Release|Any CPU.ActiveCfg = Release|Any CPU
		{A8193588-1CCD-49E9-B492-70D6EE08EF73}.Release|Any CPU.Build.0 = Release|Any CPU
		{E9E13ECE-A9BF-446E-B5B2-1709996B6F33}.Debug|Any CPU.ActiveCfg = Debug|Any CPU
		{E9E13ECE-A9BF-446E-B5B2-1709996B6F33}.Debug|Any CPU.Build.0 = Debug|Any CPU
		{E9E13ECE-A9BF-446E-B5B2-1709996B6F33}.Release|Any CPU.ActiveCfg = Release|Any CPU
		{E9E13ECE-A9BF-446E-B5B2-1709996B6F33}.Release|Any CPU.Build.0 = Release|Any CPU
		{D59C769F-F04D-468B-B943-C320D561388F}.Debug|Any CPU.ActiveCfg = Debug|Any CPU
		{D59C769F-F04D-468B-B943-C320D561388F}.Debug|Any CPU.Build.0 = Debug|Any CPU
		{D59C769F-F04D-468B-B943-C320D561388F}.Release|Any CPU.ActiveCfg = Release|Any CPU
		{D59C769F-F04D-468B-B943-C320D561388F}.Release|Any CPU.Build.0 = Release|Any CPU
	EndGlobalSection
	GlobalSection(SolutionProperties) = preSolution
		HideSolutionNode = FALSE
	EndGlobalSection
	GlobalSection(NestedProjects) = preSolution
		{FADC73C4-7C67-4B82-BD9E-0E3E4454D785} = {860BED6D-C0C5-4B8F-A2DC-038687A06EE9}
		{37AA2530-97EC-4DEA-8075-2FFE2F66514A} = {860BED6D-C0C5-4B8F-A2DC-038687A06EE9}
		{51EF5E07-07BB-49C3-AC8D-36F88A89D4CB} = {860BED6D-C0C5-4B8F-A2DC-038687A06EE9}
		{1B02AC66-8C4F-4B1E-9B59-061AE16896DA} = {860BED6D-C0C5-4B8F-A2DC-038687A06EE9}
		{25417FA1-70D0-4754-8B68-ED2E4436AB72} = {860BED6D-C0C5-4B8F-A2DC-038687A06EE9}
		{79F6D0D3-6391-485C-80F9-8F64B0FB4711} = {860BED6D-C0C5-4B8F-A2DC-038687A06EE9}
		{D810D582-74F2-4A8C-AD58-D4C4562B6842} = {860BED6D-C0C5-4B8F-A2DC-038687A06EE9}
		{66DA84D2-BE19-46A0-A2D1-5F13BEA85AC3} = {860BED6D-C0C5-4B8F-A2DC-038687A06EE9}
		{C4E16CD6-8735-44FD-B9E0-A22ECF9FB1D2} = {A1B371ED-7D82-480F-8348-189CF0C7DCC0}
		{FFB21BF7-A515-4BCE-8778-DBBB16EF9987} = {A1B371ED-7D82-480F-8348-189CF0C7DCC0}
		{954C6FE9-EA33-4D4C-8377-9AB2F418952E} = {A1B371ED-7D82-480F-8348-189CF0C7DCC0}
		{82C3028E-AC59-4D42-94B8-4A62F27B0347} = {A1B371ED-7D82-480F-8348-189CF0C7DCC0}
		{A6BE73A0-E512-49B4-BAAD-9D5583DE41F3} = {A1B371ED-7D82-480F-8348-189CF0C7DCC0}
		{640B01A8-9100-400F-B0D1-8832A97FE334} = {48C8A776-C5F4-4087-A891-881289949E52}
		{6065FC4C-FCCC-4988-B9FB-8209F67F053C} = {48C8A776-C5F4-4087-A891-881289949E52}
		{D81A7ED6-32F4-4820-8FBA-A42C316D8EA6} = {48C8A776-C5F4-4087-A891-881289949E52}
		{4ECBA7B2-6C0A-4B62-BD34-97516F34A4A7} = {48C8A776-C5F4-4087-A891-881289949E52}
		{1D65B910-ACE4-471E-B0A8-467C59718DA6} = {48C8A776-C5F4-4087-A891-881289949E52}
		{B1E1CF4B-3E9A-4978-9F88-5B8FAC6ED2F9} = {48C8A776-C5F4-4087-A891-881289949E52}
		{2DDED741-90B9-4AB2-94EC-0AC0586921A1} = {48C8A776-C5F4-4087-A891-881289949E52}
		{A8193588-1CCD-49E9-B492-70D6EE08EF73} = {860BED6D-C0C5-4B8F-A2DC-038687A06EE9}
		{E9E13ECE-A9BF-446E-B5B2-1709996B6F33} = {860BED6D-C0C5-4B8F-A2DC-038687A06EE9}
		{D59C769F-F04D-468B-B943-C320D561388F} = {860BED6D-C0C5-4B8F-A2DC-038687A06EE9}
	EndGlobalSection
	GlobalSection(ExtensibilityGlobals) = postSolution
		SolutionGuid = {D6401741-EB04-48FE-8520-8221E737E79D}
	EndGlobalSection
EndGlobal
